github.com/evan176/hnswgo v0.0.0-20220622031020-39253a76f9e4 h1:eYdhTPTj1XuYMSj0z0jX2M/3G3MuwYInBcX8fv9f2as=
github.com/evan176/hnswgo v0.0.0-20220622031020-39253a76f9e4/go.mod h1:11Pgq6/bxATnB3XckcwKDY5XQA5asCa3hwSEOMGc0io=
github.com/kshard/fvecs v0.0.1 h1:4FIjuJaiWWv1Q2y20w/1l13WhNlErWXs4yYVLmotNGo=
github.com/kshard/fvecs v0.0.1/go.mod h1:cehO9AfnF3Tb2vOwhOWmoaNUfYqmm4WQrUMyrPGqN6Q=
github.com/kshedden/gonpy v0.0.0-20210519231815-fa3c8dd8e59b h1:1Xm63EZszlHGYGKMq1aQc88ZllG0DCv/6S9mpKp+U7Y=
github.com/kshedden/gonpy v0.0.0-20210519231815-fa3c8dd8e59b/go.mod h1:+uEXxXG0RlfBPqG1tq5QN/F2jRlcuY0dExSONLpEwcA=
